
Microsoft Visual Studio Solution File, Format Version 12.00
# Visual Studio Version 16
VisualStudioVersion = 16.0.32602.291
MinimumVisualStudioVersion = 10.0.40219.1
Project("{9A19103F-16F7-4668-BE54-9A1E7A4F7556}") = "ExternProgram", "ExternProgram\ExternProgram.csproj", "{A93B693A-2EC7-4A2A-87A5-A2A5D88B81B9}"
EndProject
Project("{9A19103F-16F7-4668-BE54-9A1E7A4F7556}") = "ExcuteExternProgram", "ExcuteExternProgram\ExcuteExternProgram.csproj", "{745F2D12-4708-496C-8DC5-49599DEAD2BD}"
EndProject
Global
	GlobalSection(SolutionConfigurationPlatforms) = preSolution
		Debug|Any CPU = Debug|Any CPU
		Release|Any CPU = Release|Any CPU
	EndGlobalSection
	GlobalSection(ProjectConfigurationPlatforms) = postSolution
		{A93B693A-2EC7-4A2A-87A5-A2A5D88B81B9}.Debug|Any CPU.ActiveCfg = Debug|Any CPU
		{A93B693A-2EC7-4A2A-87A5-A2A5D88B81B9}.Debug|Any CPU.Build.0 = Debug|Any CPU
		{A93B693A-2EC7-4A2A-87A5-A2A5D88B81B9}.Release|Any CPU.ActiveCfg = Release|Any CPU
		{A93B693A-2EC7-4A2A-87A5-A2A5D88B81B9}.Release|Any CPU.Build.0 = Release|Any CPU
		{745F2D12-4708-496C-8DC5-49599DEAD2BD}.Debug|Any CPU.ActiveCfg = Debug|Any CPU
		{745F2D12-4708-496C-8DC5-49599DEAD2BD}.Debug|Any CPU.Build.0 = Debug|Any CPU
		{745F2D12-4708-496C-8DC5-49599DEAD2BD}.Release|Any CPU.ActiveCfg = Release|Any CPU
		{745F2D12-4708-496C-8DC5-49599DEAD2BD}.Release|Any CPU.Build.0 = Release|Any CPU
	EndGlobalSection
	GlobalSection(SolutionProperties) = preSolution
		HideSolutionNode = FALSE
	EndGlobalSection
	GlobalSection(ExtensibilityGlobals) = postSolution
		SolutionGuid = {CA6FF168-0271-48C7-9C93-ABAB66E9353F}
	EndGlobalSection
EndGlobal
